
Microsoft Visual Studio Solution File, Format Version 12.00
# Visual Studio Version 17
VisualStudioVersion = 17.9.34526.213
MinimumVisualStudioVersion = 10.0.40219.1
Project("{9A19103F-16F7-4668-BE54-9A1E7A4F7556}") = "PokemonReviewApp", "PokemonReviewApp.csproj", "{C5FA290A-AA2B-4531-B668-6EC6A07F12D1}"
EndProject
Global
	GlobalSection(SolutionConfigurationPlatforms) = preSolution
		Debug|Any CPU = Debug|Any CPU
		Release|Any CPU = Release|Any CPU
	EndGlobalSection
	GlobalSection(ProjectConfigurationPlatforms) = postSolution
		{C5FA290A-AA2B-4531-B668-6EC6A07F12D1}.Debug|Any CPU.ActiveCfg = Debug|Any CPU
		{C5FA290A-AA2B-4531-B668-6EC6A07F12D1}.Debug|Any CPU.Build.0 = Debug|Any CPU
		{C5FA290A-AA2B-4531-B668-6EC6A07F12D1}.Release|Any CPU.ActiveCfg = Release|Any CPU
		{C5FA290A-AA2B-4531-B668-6EC6A07F12D1}.Release|Any CPU.Build.0 = Release|Any CPU
	EndGlobalSection
	GlobalSection(SolutionProperties) = preSolution
		HideSolutionNode = FALSE
	EndGlobalSection
	GlobalSection(ExtensibilityGlobals) = postSolution
		SolutionGuid = {5FABF7F5-F723-406A-B6DC-150F404DA21B}
	EndGlobalSection
EndGlobal
